
Microsoft Visual Studio Solution File, Format Version 12.00
# Visual Studio 14
VisualStudioVersion = 14.0.24720.0
MinimumVisualStudioVersion = 10.0.40219.1
Project("{2150E333-8FDC-42A3-9474-1A3956D46DE8}") = "src", "src", "{AE370579-9C95-459C-90DB-82F00C5FF768}"
EndProject
Project("{2150E333-8FDC-42A3-9474-1A3956D46DE8}") = "Solution Items", "Solution Items", "{433F7B72-6B7C-498F-BCA0-657B03FE6C57}"
	ProjectSection(SolutionItems) = preProject
		global.json = global.json
	EndProjectSection
EndProject
Project("{8BB2217D-0F2D-49D1-97BC-3654ED321F3B}") = "Catharsium.SmooStone.Console", "src\Catharsium.SmooStone.Console\Catharsium.SmooStone.Console.xproj", "{13935F02-057B-46F3-9C77-BE4B550400FD}"
EndProject
Project("{2150E333-8FDC-42A3-9474-1A3956D46DE8}") = "3. User Interface", "3. User Interface", "{19DDD197-795D-434C-9707-6A36DFB27A32}"
EndProject
Project("{2150E333-8FDC-42A3-9474-1A3956D46DE8}") = "5. Modules", "5. Modules", "{D9C905A8-17EA-4C68-AB52-F23805035048}"
EndProject
Project("{8BB2217D-0F2D-49D1-97BC-3654ED321F3B}") = "Catharsium.Modules.Logging", "src\Catharsium.Modules.Logging\Catharsium.Modules.Logging.xproj", "{3ED327C2-B215-47DF-9F2D-B767ACAFA967}"
EndProject
Project("{2150E333-8FDC-42A3-9474-1A3956D46DE8}") = "4. Tests", "4. Tests", "{565AEEE6-B1AD-4D77-9045-4455850B2738}"
EndProject
Project("{8BB2217D-0F2D-49D1-97BC-3654ED321F3B}") = "Catharsium.Modules.Logging.Tests", "Catharsium.Modules.Logging.Tests\Catharsium.Modules.Logging.Tests.xproj", "{650A5A85-5956-491E-9312-5E25A27D1108}"
EndProject
Project("{2150E333-8FDC-42A3-9474-1A3956D46DE8}") = "2. Domain", "2. Domain", "{0C8F4174-1B74-44F8-87FD-D0217BFDE75F}"
EndProject
Project("{8BB2217D-0F2D-49D1-97BC-3654ED321F3B}") = "Catharsium.SmooStone.Entities", "src\Catharsium.SmooStone.Entities\Catharsium.SmooStone.Entities.xproj", "{2843D170-B66B-4861-8C9C-076E170D1D94}"
EndProject
Project("{2150E333-8FDC-42A3-9474-1A3956D46DE8}") = "1. Data Access", "1. Data Access", "{D342363E-134F-4281-A624-F63C1C291430}"
EndProject
Project("{2150E333-8FDC-42A3-9474-1A3956D46DE8}") = "0. Composition Root", "0. Composition Root", "{91E2DE88-DDCF-44BB-BC79-B798DE6CC708}"
EndProject
Project("{8BB2217D-0F2D-49D1-97BC-3654ED321F3B}") = "Catharsium.SmooStone.CompositionRoot", "src\Catharsium.SmooStone.CompositionRoot\Catharsium.SmooStone.CompositionRoot.xproj", "{F1AE7559-3BDB-4332-87AB-108869736FD6}"
EndProject
Project("{8BB2217D-0F2D-49D1-97BC-3654ED321F3B}") = "Catharsium.SmooStone.Entities.Tests", "src\Catharsium.SmooStone.Entities.Tests\Catharsium.SmooStone.Entities.Tests.xproj", "{A83F5B46-E9D9-4F39-8D60-527B22DDCFEF}"
EndProject
Global
	GlobalSection(SolutionConfigurationPlatforms) = preSolution
		Debug|Any CPU = Debug|Any CPU
		Release|Any CPU = Release|Any CPU
	EndGlobalSection
	GlobalSection(ProjectConfigurationPlatforms) = postSolution
		{13935F02-057B-46F3-9C77-BE4B550400FD}.Debug|Any CPU.ActiveCfg = Debug|Any CPU
		{13935F02-057B-46F3-9C77-BE4B550400FD}.Debug|Any CPU.Build.0 = Debug|Any CPU
		{13935F02-057B-46F3-9C77-BE4B550400FD}.Release|Any CPU.ActiveCfg = Release|Any CPU
		{13935F02-057B-46F3-9C77-BE4B550400FD}.Release|Any CPU.Build.0 = Release|Any CPU
		{3ED327C2-B215-47DF-9F2D-B767ACAFA967}.Debug|Any CPU.ActiveCfg = Debug|Any CPU
		{3ED327C2-B215-47DF-9F2D-B767ACAFA967}.Debug|Any CPU.Build.0 = Debug|Any CPU
		{3ED327C2-B215-47DF-9F2D-B767ACAFA967}.Release|Any CPU.ActiveCfg = Release|Any CPU
		{3ED327C2-B215-47DF-9F2D-B767ACAFA967}.Release|Any CPU.Build.0 = Release|Any CPU
		{650A5A85-5956-491E-9312-5E25A27D1108}.Debug|Any CPU.ActiveCfg = Debug|Any CPU
		{650A5A85-5956-491E-9312-5E25A27D1108}.Debug|Any CPU.Build.0 = Debug|Any CPU
		{650A5A85-5956-491E-9312-5E25A27D1108}.Release|Any CPU.ActiveCfg = Release|Any CPU
		{650A5A85-5956-491E-9312-5E25A27D1108}.Release|Any CPU.Build.0 = Release|Any CPU
		{2843D170-B66B-4861-8C9C-076E170D1D94}.Debug|Any CPU.ActiveCfg = Debug|Any CPU
		{2843D170-B66B-4861-8C9C-076E170D1D94}.Debug|Any CPU.Build.0 = Debug|Any CPU
		{2843D170-B66B-4861-8C9C-076E170D1D94}.Release|Any CPU.ActiveCfg = Release|Any CPU
		{2843D170-B66B-4861-8C9C-076E170D1D94}.Release|Any CPU.Build.0 = Release|Any CPU
		{F1AE7559-3BDB-4332-87AB-108869736FD6}.Debug|Any CPU.ActiveCfg = Debug|Any CPU
		{F1AE7559-3BDB-4332-87AB-108869736FD6}.Debug|Any CPU.Build.0 = Debug|Any CPU
		{F1AE7559-3BDB-4332-87AB-108869736FD6}.Release|Any CPU.ActiveCfg = Release|Any CPU
		{F1AE7559-3BDB-4332-87AB-108869736FD6}.Release|Any CPU.Build.0 = Release|Any CPU
		{A83F5B46-E9D9-4F39-8D60-527B22DDCFEF}.Debug|Any CPU.ActiveCfg = Debug|Any CPU
		{A83F5B46-E9D9-4F39-8D60-527B22DDCFEF}.Debug|Any CPU.Build.0 = Debug|Any CPU
		{A83F5B46-E9D9-4F39-8D60-527B22DDCFEF}.Release|Any CPU.ActiveCfg = Release|Any CPU
		{A83F5B46-E9D9-4F39-8D60-527B22DDCFEF}.Release|Any CPU.Build.0 = Release|Any CPU
	EndGlobalSection
	GlobalSection(SolutionProperties) = preSolution
		HideSolutionNode = FALSE
	EndGlobalSection
	GlobalSection(NestedProjects) = preSolution
		{13935F02-057B-46F3-9C77-BE4B550400FD} = {19DDD197-795D-434C-9707-6A36DFB27A32}
		{19DDD197-795D-434C-9707-6A36DFB27A32} = {AE370579-9C95-459C-90DB-82F00C5FF768}
		{D9C905A8-17EA-4C68-AB52-F23805035048} = {AE370579-9C95-459C-90DB-82F00C5FF768}
		{3ED327C2-B215-47DF-9F2D-B767ACAFA967} = {D9C905A8-17EA-4C68-AB52-F23805035048}
		{565AEEE6-B1AD-4D77-9045-4455850B2738} = {AE370579-9C95-459C-90DB-82F00C5FF768}
		{650A5A85-5956-491E-9312-5E25A27D1108} = {565AEEE6-B1AD-4D77-9045-4455850B2738}
		{0C8F4174-1B74-44F8-87FD-D0217BFDE75F} = {AE370579-9C95-459C-90DB-82F00C5FF768}
		{2843D170-B66B-4861-8C9C-076E170D1D94} = {0C8F4174-1B74-44F8-87FD-D0217BFDE75F}
		{D342363E-134F-4281-A624-F63C1C291430} = {AE370579-9C95-459C-90DB-82F00C5FF768}
		{91E2DE88-DDCF-44BB-BC79-B798DE6CC708} = {AE370579-9C95-459C-90DB-82F00C5FF768}
		{F1AE7559-3BDB-4332-87AB-108869736FD6} = {91E2DE88-DDCF-44BB-BC79-B798DE6CC708}
		{A83F5B46-E9D9-4F39-8D60-527B22DDCFEF} = {565AEEE6-B1AD-4D77-9045-4455850B2738}
	EndGlobalSection
EndGlobal
